// !$*UTF8*$!
{
	archiveVersion = 1;
	classes = {
	};
	objectVersion = 55;
	objects = {

/* Begin PBXBuildFile section */
		08F06E3027D8BEDE00389042 /* AppDelegate.swift in Sources */ = {isa = PBXBuildFile; fileRef = 08F06E2F27D8BEDE00389042 /* AppDelegate.swift */; };
		08F06E3227D8BEDE00389042 /* SceneDelegate.swift in Sources */ = {isa = PBXBuildFile; fileRef = 08F06E3127D8BEDE00389042 /* SceneDelegate.swift */; };
		08F06E3427D8BEDE00389042 /* ViewController.swift in Sources */ = {isa = PBXBuildFile; fileRef = 08F06E3327D8BEDE00389042 /* ViewController.swift */; };
		08F06E3727D8BEDE00389042 /* Main.storyboard in Resources */ = {isa = PBXBuildFile; fileRef = 08F06E3527D8BEDE00389042 /* Main.storyboard */; };
		08F06E3927D8BEDF00389042 /* Assets.xcassets in Resources */ = {isa = PBXBuildFile; fileRef = 08F06E3827D8BEDF00389042 /* Assets.xcassets */; };
		08F06E3C27D8BEDF00389042 /* LaunchScreen.storyboard in Resources */ = {isa = PBXBuildFile; fileRef = 08F06E3A27D8BEDF00389042 /* LaunchScreen.storyboard */; };
		08F06E4827D8C0A400389042 /* Mock_iOS_Avance in Resources */ = {isa = PBXBuildFile; fileRef = 08F06E4727D8C0A400389042 /* Mock_iOS_Avance */; };
/* End PBXBuildFile section */

/* Begin PBXFileReference section */
		08F06E2C27D8BEDE00389042 /* LandmarkCollectionApp.app */ = {isa = PBXFileReference; explicitFileType = wrapper.application; includeInIndex = 0; path = LandmarkCollectionApp.app; sourceTree = BUILT_PRODUCTS_DIR; };
		08F06E2F27D8BEDE00389042 /* AppDelegate.swift */ = {isa = PBXFileReference; lastKnownFileType = sourcecode.swift; path = AppDelegate.swift; sourceTree = "<group>"; };
		08F06E3127D8BEDE00389042 /* SceneDelegate.swift */ = {isa = PBXFileReference; lastKnownFileType = sourcecode.swift; path = SceneDelegate.swift; sourceTree = "<group>"; };
		08F06E3327D8BEDE00389042 /* ViewController.swift */ = {isa = PBXFileReference; lastKnownFileType = sourcecode.swift; path = ViewController.swift; sourceTree = "<group>"; };
		08F06E3627D8BEDE00389042 /* Base */ = {isa = PBXFileReference; lastKnownFileType = file.storyboard; name = Base; path = Base.lproj/Main.storyboard; sourceTree = "<group>"; };
		08F06E3827D8BEDF00389042 /* Assets.xcassets */ = {isa = PBXFileReference; lastKnownFileType = folder.assetcatalog; path = Assets.xcassets; sourceTree = "<group>"; };
		08F06E3B27D8BEDF00389042 /* Base */ = {isa = PBXFileReference; lastKnownFileType = file.storyboard; name = Base; path = Base.lproj/LaunchScreen.storyboard; sourceTree = "<group>"; };
		08F06E3D27D8BEDF00389042 /* Info.plist */ = {isa = PBXFileReference; lastKnownFileType = text.plist.xml; path = Info.plist; sourceTree = "<group>"; };
		08F06E4727D8C0A400389042 /* Mock_iOS_Avance */ = {isa = PBXFileReference; lastKnownFileType = folder; name = Mock_iOS_Avance; path = ../../Mock_iOS_Avance; sourceTree = "<group>"; };
/* End PBXFileReference section */

/* Begin PBXFrameworksBuildPhase section */
		08F06E2927D8BEDE00389042 /* Frameworks */ = {
			isa = PBXFrameworksBuildPhase;
			buildActionMask = 2147483647;
			files = (
			);
			runOnlyForDeploymentPostprocessing = 0;
		};
/* End PBXFrameworksBuildPhase section */

/* Begin PBXGroup section */
		08F06E2327D8BEDE00389042 = {
			isa = PBXGroup;
			children = (
				08F06E2E27D8BEDE00389042 /* LandmarkCollectionApp */,
				08F06E2D27D8BEDE00389042 /* Products */,
			);
			sourceTree = "<group>";
		};
		08F06E2D27D8BEDE00389042 /* Products */ = {
			isa = PBXGroup;
			children = (
				08F06E2C27D8BEDE00389042 /* LandmarkCollectionApp.app */,
			);
			name = Products;
			sourceTree = "<group>";
		};
		08F06E2E27D8BEDE00389042 /* LandmarkCollectionApp */ = {
			isa = PBXGroup;
			children = (
				08F06E4627D8BFCA00389042 /* Views */,
				08F06E4527D8BFBD00389042 /* Utilities */,
				08F06E4427D8BFB600389042 /* Controllers */,
				08F06E4327D8BF9100389042 /* Models */,
				08F06E3D27D8BEDF00389042 /* Info.plist */,
				08F06E4727D8C0A400389042 /* Mock_iOS_Avance */,
			);
			path = LandmarkCollectionApp;
			sourceTree = "<group>";
		};
		08F06E4327D8BF9100389042 /* Models */ = {
			isa = PBXGroup;
			children = (
			);
			path = Models;
			sourceTree = "<group>";
		};
		08F06E4427D8BFB600389042 /* Controllers */ = {
			isa = PBXGroup;
			children = (
				08F06E3327D8BEDE00389042 /* ViewController.swift */,
			);
			path = Controllers;
			sourceTree = "<group>";
		};
		08F06E4527D8BFBD00389042 /* Utilities */ = {
			isa = PBXGroup;
			children = (
				08F06E2F27D8BEDE00389042 /* AppDelegate.swift */,
				08F06E3127D8BEDE00389042 /* SceneDelegate.swift */,
				08F06E3827D8BEDF00389042 /* Assets.xcassets */,
			);
			path = Utilities;
			sourceTree = "<group>";
		};
		08F06E4627D8BFCA00389042 /* Views */ = {
			isa = PBXGroup;
			children = (
				08F06E3527D8BEDE00389042 /* Main.storyboard */,
				08F06E3A27D8BEDF00389042 /* LaunchScreen.storyboard */,
			);
			path = Views;
			sourceTree = "<group>";
		};
/* End PBXGroup section */

/* Begin PBXNativeTarget section */
		08F06E2B27D8BEDE00389042 /* LandmarkCollectionApp */ = {
			isa = PBXNativeTarget;
			buildConfigurationList = 08F06E4027D8BEDF00389042 /* Build configuration list for PBXNativeTarget "LandmarkCollectionApp" */;
			buildPhases = (
				08F06E2827D8BEDE00389042 /* Sources */,
				08F06E2927D8BEDE00389042 /* Frameworks */,
				08F06E2A27D8BEDE00389042 /* Resources */,
			);
			buildRules = (
			);
			dependencies = (
			);
			name = LandmarkCollectionApp;
			productName = LandmarkCollectionApp;
			productReference = 08F06E2C27D8BEDE00389042 /* LandmarkCollectionApp.app */;
			productType = "com.apple.product-type.application";
		};
/* End PBXNativeTarget section */

/* Begin PBXProject section */
		08F06E2427D8BEDE00389042 /* Project object */ = {
			isa = PBXProject;
			attributes = {
				BuildIndependentTargetsInParallel = 1;
				LastSwiftUpdateCheck = 1320;
				LastUpgradeCheck = 1320;
				TargetAttributes = {
					08F06E2B27D8BEDE00389042 = {
						CreatedOnToolsVersion = 13.2.1;
					};
				};
			};
			buildConfigurationList = 08F06E2727D8BEDE00389042 /* Build configuration list for PBXProject "LandmarkCollectionApp" */;
			compatibilityVersion = "Xcode 13.0";
			developmentRegion = en;
			hasScannedForEncodings = 0;
			knownRegions = (
				en,
				Base,
			);
			mainGroup = 08F06E2327D8BEDE00389042;
			productRefGroup = 08F06E2D27D8BEDE00389042 /* Products */;
			projectDirPath = "";
			projectRoot = "";
			targets = (
				08F06E2B27D8BEDE00389042 /* LandmarkCollectionApp */,
			);
		};
/* End PBXProject section */

/* Begin PBXResourcesBuildPhase section */
		08F06E2A27D8BEDE00389042 /* Resources */ = {
			isa = PBXResourcesBuildPhase;
			buildActionMask = 2147483647;
			files = (
				08F06E4827D8C0A400389042 /* Mock_iOS_Avance in Resources */,
				08F06E3C27D8BEDF00389042 /* LaunchScreen.storyboard in Resources */,
				08F06E3927D8BEDF00389042 /* Assets.xcassets in Resources */,
				08F06E3727D8BEDE00389042 /* Main.storyboard in Resources */,
			);
			runOnlyForDeploymentPostprocessing = 0;
		};
/* End PBXResourcesBuildPhase section */

/* Begin PBXSourcesBuildPhase section */
		08F06E2827D8BEDE00389042 /* Sources */ = {
			isa = PBXSourcesBuildPhase;
			buildActionMask = 2147483647;
			files = (
				08F06E3427D8BEDE00389042 /* ViewController.swift in Sources */,
				08F06E3027D8BEDE00389042 /* AppDelegate.swift in Sources */,
				08F06E3227D8BEDE00389042 /* SceneDelegate.swift in Sources */,
			);
			runOnlyForDeploymentPostprocessing = 0;
		};
/* End PBXSourcesBuildPhase section */

/* Begin PBXVariantGroup section */
		08F06E3527D8BEDE00389042 /* Main.storyboard */ = {
			isa = PBXVariantGroup;
			children = (
				08F06E3627D8BEDE00389042 /* Base */,
			);
			name = Main.storyboard;
			sourceTree = "<group>";
		};
		08F06E3A27D8BEDF00389042 /* LaunchScreen.storyboard */ = {
			isa = PBXVariantGroup;
			children = (
				08F06E3B27D8BEDF00389042 /* Base */,
			);
			name = LaunchScreen.storyboard;
			sourceTree = "<group>";
		};
/* End PBXVariantGroup section */

/* Begin XCBuildConfiguration section */
		08F06E3E27D8BEDF00389042 /* Debug */ = {
			isa = XCBuildConfiguration;
			buildSettings = {
				ALWAYS_SEARCH_USER_PATHS = NO;
				CLANG_ANALYZER_NONNULL = YES;
				CLANG_ANALYZER_NUMBER_OBJECT_CONVERSION = YES_AGGRESSIVE;
				CLANG_CXX_LANGUAGE_STANDARD = "gnu++17";
				CLANG_CXX_LIBRARY = "libc++";
				CLANG_ENABLE_MODULES = YES;
				CLANG_ENABLE_OBJC_ARC = YES;
				CLANG_ENABLE_OBJC_WEAK = YES;
				CLANG_WARN_BLOCK_CAPTURE_AUTORELEASING = YES;
				CLANG_WARN_BOOL_CONVERSION = YES;
				CLANG_WARN_COMMA = YES;
				CLANG_WARN_CONSTANT_CONVERSION = YES;
				CLANG_WARN_DEPRECATED_OBJC_IMPLEMENTATIONS = YES;
				CLANG_WARN_DIRECT_OBJC_ISA_USAGE = YES_ERROR;
				CLANG_WARN_DOCUMENTATION_COMMENTS = YES;
				CLANG_WARN_EMPTY_BODY = YES;
				CLANG_WARN_ENUM_CONVERSION = YES;
				CLANG_WARN_INFINITE_RECURSION = YES;
				CLANG_WARN_INT_CONVERSION = YES;
				CLANG_WARN_NON_LITERAL_NULL_CONVERSION = YES;
				CLANG_WARN_OBJC_IMPLICIT_RETAIN_SELF = YES;
				CLANG_WARN_OBJC_LITERAL_CONVERSION = YES;
				CLANG_WARN_OBJC_ROOT_CLASS = YES_ERROR;
				CLANG_WARN_QUOTED_INCLUDE_IN_FRAMEWORK_HEADER = YES;
				CLANG_WARN_RANGE_LOOP_ANALYSIS = YES;
				CLANG_WARN_STRICT_PROTOTYPES = YES;
				CLANG_WARN_SUSPICIOUS_MOVE = YES;
				CLANG_WARN_UNGUARDED_AVAILABILITY = YES_AGGRESSIVE;
				CLANG_WARN_UNREACHABLE_CODE = YES;
				CLANG_WARN__DUPLICATE_METHOD_MATCH = YES;
				COPY_PHASE_STRIP = NO;
				DEBUG_INFORMATION_FORMAT = dwarf;
				ENABLE_STRICT_OBJC_MSGSEND = YES;
				ENABLE_TESTABILITY = YES;
				GCC_C_LANGUAGE_STANDARD = gnu11;
				GCC_DYNAMIC_NO_PIC = NO;
				GCC_NO_COMMON_BLOCKS = YES;
				GCC_OPTIMIZATION_LEVEL = 0;
				GCC_PREPROCESSOR_DEFINITIONS = (
					"DEBUG=1",
					"$(inherited)",
				);
				GCC_WARN_64_TO_32_BIT_CONVERSION = YES;
				GCC_WARN_ABOUT_RETURN_TYPE = YES_ERROR;
				GCC_WARN_UNDECLARED_SELECTOR = YES;
				GCC_WARN_UNINITIALIZED_AUTOS = YES_AGGRESSIVE;
				GCC_WARN_UNUSED_FUNCTION = YES;
				GCC_WARN_UNUSED_VARIABLE = YES;
				IPHONEOS_DEPLOYMENT_TARGET = 15.2;
				MTL_ENABLE_DEBUG_INFO = INCLUDE_SOURCE;
				MTL_FAST_MATH = YES;
				ONLY_ACTIVE_ARCH = YES;
				SDKROOT = iphoneos;
				SWIFT_ACTIVE_COMPILATION_CONDITIONS = DEBUG;
				SWIFT_OPTIMIZATION_LEVEL = "-Onone";
			};
			name = Debug;
		};
		08F06E3F27D8BEDF00389042 /* Release */ = {
			isa = XCBuildConfiguration;
			buildSettings = {
				ALWAYS_SEARCH_USER_PATHS = NO;
				CLANG_ANALYZER_NONNULL = YES;
				CLANG_ANALYZER_NUMBER_OBJECT_CONVERSION = YES_AGGRESSIVE;
				CLANG_CXX_LANGUAGE_STANDARD = "gnu++17";
				CLANG_CXX_LIBRARY = "libc++";
				CLANG_ENABLE_MODULES = YES;
				CLANG_ENABLE_OBJC_ARC = YES;
				CLANG_ENABLE_OBJC_WEAK = YES;
				CLANG_WARN_BLOCK_CAPTURE_AUTORELEASING = YES;
				CLANG_WARN_BOOL_CONVERSION = YES;
				CLANG_WARN_COMMA = YES;
				CLANG_WARN_CONSTANT_CONVERSION = YES;
				CLANG_WARN_DEPRECATED_OBJC_IMPLEMENTATIONS = YES;
				CLANG_WARN_DIRECT_OBJC_ISA_USAGE = YES_ERROR;
				CLANG_WARN_DOCUMENTATION_COMMENTS = YES;
				CLANG_WARN_EMPTY_BODY = YES;
				CLANG_WARN_ENUM_CONVERSION = YES;
				CLANG_WARN_INFINITE_RECURSION = YES;
				CLANG_WARN_INT_CONVERSION = YES;
				CLANG_WARN_NON_LITERAL_NULL_CONVERSION = YES;
				CLANG_WARN_OBJC_IMPLICIT_RETAIN_SELF = YES;
				CLANG_WARN_OBJC_LITERAL_CONVERSION = YES;
				CLANG_WARN_OBJC_ROOT_CLASS = YES_ERROR;
				CLANG_WARN_QUOTED_INCLUDE_IN_FRAMEWORK_HEADER = YES;
				CLANG_WARN_RANGE_LOOP_ANALYSIS = YES;
				CLANG_WARN_STRICT_PROTOTYPES = YES;
				CLANG_WARN_SUSPICIOUS_MOVE = YES;
				CLANG_WARN_UNGUARDED_AVAILABILITY = YES_AGGRESSIVE;
				CLANG_WARN_UNREACHABLE_CODE = YES;
				CLANG_WARN__DUPLICATE_METHOD_MATCH = YES;
				COPY_PHASE_STRIP = NO;
				DEBUG_INFORMATION_FORMAT = "dwarf-with-dsym";
				ENABLE_NS_ASSERTIONS = NO;
				ENABLE_STRICT_OBJC_MSGSEND = YES;
				GCC_C_LANGUAGE_STANDARD = gnu11;
				GCC_NO_COMMON_BLOCKS = YES;
				GCC_WARN_64_TO_32_BIT_CONVERSION = YES;
				GCC_WARN_ABOUT_RETURN_TYPE = YES_ERROR;
				GCC_WARN_UNDECLARED_SELECTOR = YES;
				GCC_WARN_UNINITIALIZED_AUTOS = YES_AGGRESSIVE;
				GCC_WARN_UNUSED_FUNCTION = YES;
				GCC_WARN_UNUSED_VARIABLE = YES;
				IPHONEOS_DEPLOYMENT_TARGET = 15.2;
				MTL_ENABLE_DEBUG_INFO = NO;
				MTL_FAST_MATH = YES;
				SDKROOT = iphoneos;
				SWIFT_COMPILATION_MODE = wholemodule;
				SWIFT_OPTIMIZATION_LEVEL = "-O";
				VALIDATE_PRODUCT = YES;
			};
			name = Release;
		};
		08F06E4127D8BEDF00389042 /* Debug */ = {
			isa = XCBuildConfiguration;
			buildSettings = {
				ASSETCATALOG_COMPILER_APPICON_NAME = AppIcon;
				ASSETCATALOG_COMPILER_GLOBAL_ACCENT_COLOR_NAME = AccentColor;
				CODE_SIGN_STYLE = Automatic;
				CURRENT_PROJECT_VERSION = 1;
				GENERATE_INFOPLIST_FILE = YES;
				INFOPLIST_FILE = LandmarkCollectionApp/Info.plist;
				INFOPLIST_KEY_UIApplicationSupportsIndirectInputEvents = YES;
				INFOPLIST_KEY_UILaunchStoryboardName = LaunchScreen;
				INFOPLIST_KEY_UIMainStoryboardFile = Main;
				INFOPLIST_KEY_UISupportedInterfaceOrientations_iPad = "UIInterfaceOrientationPortrait UIInterfaceOrientationPortraitUpsideDown UIInterfaceOrientationLandscapeLeft UIInterfaceOrientationLandscapeRight";
				INFOPLIST_KEY_UISupportedInterfaceOrientations_iPhone = "UIInterfaceOrientationPortrait UIInterfaceOrientationLandscapeLeft UIInterfaceOrientationLandscapeRight";
				LD_RUNPATH_SEARCH_PATHS = (
					"$(inherited)",
					"@executable_path/Frameworks",
				);
				MARKETING_VERSION = 1.0;
				PRODUCT_BUNDLE_IDENTIFIER = fr.lp.iem.LandmarkCollectionApp;
				PRODUCT_NAME = "$(TARGET_NAME)";
				SWIFT_EMIT_LOC_STRINGS = YES;
				SWIFT_VERSION = 5.0;
				TARGETED_DEVICE_FAMILY = "1,2";
			};
			name = Debug;
		};
		08F06E4227D8BEDF00389042 /* Release */ = {
			isa = XCBuildConfiguration;
			buildSettings = {
				ASSETCATALOG_COMPILER_APPICON_NAME = AppIcon;
				ASSETCATALOG_COMPILER_GLOBAL_ACCENT_COLOR_NAME = AccentColor;
				CODE_SIGN_STYLE = Automatic;
				CURRENT_PROJECT_VERSION = 1;
				GENERATE_INFOPLIST_FILE = YES;
				INFOPLIST_FILE = LandmarkCollectionApp/Info.plist;
				INFOPLIST_KEY_UIApplicationSupportsIndirectInputEvents = YES;
				INFOPLIST_KEY_UILaunchStoryboardName = LaunchScreen;
				INFOPLIST_KEY_UIMainStoryboardFile = Main;
				INFOPLIST_KEY_UISupportedInterfaceOrientations_iPad = "UIInterfaceOrientationPortrait UIInterfaceOrientationPortraitUpsideDown UIInterfaceOrientationLandscapeLeft UIInterfaceOrientationLandscapeRight";
				INFOPLIST_KEY_UISupportedInterfaceOrientations_iPhone = "UIInterfaceOrientationPortrait UIInterfaceOrientationLandscapeLeft UIInterfaceOrientationLandscapeRight";
				LD_RUNPATH_SEARCH_PATHS = (
					"$(inherited)",
					"@executable_path/Frameworks",
				);
				MARKETING_VERSION = 1.0;
				PRODUCT_BUNDLE_IDENTIFIER = fr.lp.iem.LandmarkCollectionApp;
				PRODUCT_NAME = "$(TARGET_NAME)";
				SWIFT_EMIT_LOC_STRINGS = YES;
				SWIFT_VERSION = 5.0;
				TARGETED_DEVICE_FAMILY = "1,2";
			};
			name = Release;
		};
/* End XCBuildConfiguration section */

/* Begin XCConfigurationList section */
		08F06E2727D8BEDE00389042 /* Build configuration list for PBXProject "LandmarkCollectionApp" */ = {
			isa = XCConfigurationList;
			buildConfigurations = (
				08F06E3E27D8BEDF00389042 /* Debug */,
				08F06E3F27D8BEDF00389042 /* Release */,
			);
			defaultConfigurationIsVisible = 0;
			defaultConfigurationName = Release;
		};
		08F06E4027D8BEDF00389042 /* Build configuration list for PBXNativeTarget "LandmarkCollectionApp" */ = {
			isa = XCConfigurationList;
			buildConfigurations = (
				08F06E4127D8BEDF00389042 /* Debug */,
				08F06E4227D8BEDF00389042 /* Release */,
			);
			defaultConfigurationIsVisible = 0;
			defaultConfigurationName = Release;
		};
/* End XCConfigurationList section */
	};
	rootObject = 08F06E2427D8BEDE00389042 /* Project object */;
}
